version = 1
revision = 3
requires-python = ">=3.15"

[[package]]
name = "cfgv"
version = "3.5.0"
source = { registry = "https://pypi.org/simple" }
sdist = { url = "https://files.pythonhosted.org/packages/4e/b5/721b8799b04bf9afe054a3899c6cf4e880fcf8563cc71c15610242490a0c/cfgv-3.5.0.tar.gz", hash = "sha256:d5b1034354820651caa73ede66a6294d6e95c1b00acc5e9b098e917404669132", size = 7334, upload-time = "2025-11-19T20:55:51.612Z" }
wheels = [
    { url = "https://files.pythonhosted.org/packages/db/3c/33bac158f8ab7f89b2e59426d5fe2e4f63f7ed25df84c036890172b412b5/cfgv-3.5.0-py2.py3-none-any.whl", hash = "sha256:a8dc6b26ad22ff227d2634a65cb388215ce6cc96bbcc5cfde7641ae87e8dacc0", size = 7445, upload-time = "2025-11-19T20:55:50.744Z" },
]

[[package]]
name = "click"
version = "8.4.2"
source = { registry = "https://pypi.org/simple" }
dependencies = [
    { name = "colorama", marker = "sys_platform == 'win32'" },
]
sdist = { url = "https://files.pythonhosted.org/packages/76/d4/81420972a676e8ffea40450d8c8c92943e7218a78fe9b64359836cc9876b/click-8.4.2.tar.gz", hash = "sha256:9a6cea6e60b17ebe0a44c5cc636d94f09bd66142c1cd7d8b4cd731c4917a15f6", size = 338000, upload-time = "2026-06-24T17:45:15.148Z" }
wheels = [
    { url = "https://files.pythonhosted.org/packages/fb/e2/79c688af8b210d232694e31e59da9f6ec747bae31c3f5946e4e9b98860d5/click-8.4.2-py3-none-any.whl", hash = "sha256:e6f9f66136c816745b9d65817da91d61d957fb16e02e4dcd0552553c5a197b76", size = 119243, upload-time = "2026-06-24T17:45:13.73Z" },
]

[[package]]
name = "colorama"
version = "0.4.6"
source = { registry = "https://pypi.org/simple" }
sdist = { url = "https://files.pythonhosted.org/packages/d8/53/6f443c9a4a8358a93a6792e2acffb9d9d5cb0a5cfd8802644b7b1c9a02e4/colorama-0.4.6.tar.gz", hash = "sha256:08695f5cb7ed6e0531a20572697297273c47b8cae5a63ffc6d6ed5c201be6e44", size = 27697, upload-time = "2022-10-25T02:36:22.414Z" }
wheels = [
    { url = "https://files.pythonhosted.org/packages/d1/d6/3965ed04c63042e047cb6a3e6ed1a63a35087b6a609aa3a15ed8ac56c221/colorama-0.4.6-py2.py3-none-any.whl", hash = "sha256:4f1d9991f5acc0ca119f9d443620b77f9d6b33703e51011c16baf57afb285fc6", size = 25335, upload-time = "2022-10-25T02:36:20.889Z" },
]

[[package]]
name = "deepmerge"
version = "2.1.0"
source = { registry = "https://pypi.org/simple" }
sdist = { url = "https://files.pythonhosted.org/packages/2a/78/6e9e20106224083cfb817d2d3c26e80e72258d617b616721a169b87081e0/deepmerge-2.1.0.tar.gz", hash = "sha256:07ca7a7b8935df596c512fa8161877c0487ac61f691c07766e7d71d2b23bdd2f", size = 21449, upload-time = "2026-06-22T05:46:07.669Z" }
wheels = [
    { url = "https://files.pythonhosted.org/packages/51/25/2a75b47cb057b1e164c604fb81ab690a6cdb5e2260ce651194eae90f64a3/deepmerge-2.1.0-py3-none-any.whl", hash = "sha256:8f148339a91d680a75ecb74ade235d9e759a93df373a0b04e9d31c8666cfeb75", size = 14345, upload-time = "2026-06-22T05:46:06.742Z" },
]

[[package]]
name = "distlib"
version = "0.4.3"
source = { registry = "https://pypi.org/simple" }
sdist = { url = "https://files.pythonhosted.org/packages/c9/02/bd72be9134d25ed783ecbbc38a539ffaefbf90c78418c7fb7229600dbac7/distlib-0.4.3.tar.gz", hash = "sha256:f152097224a0ae24be5a0f6bae1b9359af82133bce63f98a95f86cae1aede9ed", size = 615141, upload-time = "2026-06-12T08:04:52.847Z" }
wheels = [
    { url = "https://files.pythonhosted.org/packages/02/08/9c41fb51ab5b43eb21674aff13df270e8ba6c4b29c8624e328dc7a9482af/distlib-0.4.3-py2.py3-none-any.whl", hash = "sha256:4b0ce306c966eb73bc3a7b6abad017c556dadd92c44701562cd528ac7fde4d5b", size = 470628, upload-time = "2026-06-12T08:04:50.506Z" },
]

[[package]]
name = "filelock"
version = "3.32.2"
source = { registry = "https://pypi.org/simple" }
sdist = { url = "https://files.pythonhosted.org/packages/f6/57/3ba6e6cb097f85b855b00163d169f35365f44277df044dcf96d55b8f62a3/filelock-3.32.2.tar.gz", hash = "sha256:c33351e1f49cae33414acbc6d56784e6ecee82514ec90795da1161fc4836b5b8", size = 217172, upload-time = "2026-07-29T22:46:04.895Z" }
wheels = [
    { url = "https://files.pythonhosted.org/packages/c1/e8/72f8cef9fdfeffe06213fe8508039396ee48daa0e3259457ed766173bfd6/filelock-3.32.2-py3-none-any.whl", hash = "sha256:87dd94cf281e586d135fa51132b8e3d9a598b316e90377a288663c9321036c82", size = 98830, upload-time = "2026-07-29T22:46:03.52Z" },
]

[[package]]
name = "identify"
version = "2.6.19"
source = { registry = "https://pypi.org/simple" }
sdist = { url = "https://files.pythonhosted.org/packages/52/63/51723b5f116cc04b061cb6f5a561790abf249d25931d515cd375e063e0f4/identify-2.6.19.tar.gz", hash = "sha256:6be5020c38fcb07da56c53733538a3081ea5aa70d36a156f83044bfbf9173842", size = 99567, upload-time = "2026-04-17T18:39:50.265Z" }
wheels = [
    { url = "https://files.pythonhosted.org/packages/94/84/d9273cd09688070a6523c4aee4663a8538721b2b755c4962aafae0011e72/identify-2.6.19-py2.py3-none-any.whl", hash = "sha256:20e6a87f786f768c092a721ad107fc9df0eb89347be9396cadf3f4abbd1fb78a", size = 99397, upload-time = "2026-04-17T18:39:49.221Z" },
]

[[package]]
name = "jinja2"
version = "3.1.6"
source = { registry = "https://pypi.org/simple" }
dependencies = [
    { name = "markupsafe" },
]
sdist = { url = "https://files.pythonhosted.org/packages/df/bf/f7da0350254c0ed7c72f3e33cef02e048281fec7ecec5f032d4aac52226b/jinja2-3.1.6.tar.gz", hash = "sha256:0137fb05990d35f1275a587e9aee6d56da821fc83491a0fb838183be43f66d6d", size = 245115, upload-time = "2025-03-05T20:05:02.478Z" }
wheels = [
    { url = "https://files.pythonhosted.org/packages/62/a1/3d680cbfd5f4b8f15abc1d571870c5fc3e594bb582bc3b64ea099db13e56/jinja2-3.1.6-py3-none-any.whl", hash = "sha256:85ece4451f492d0c13c5dd7c13a64681a86afae63a5f347908daf103ce6d2f67", size = 134899, upload-time = "2025-03-05T20:05:00.369Z" },
]

[[package]]
name = "markdown"
version = "3.10.3"
source = { registry = "https://pypi.org/simple" }
sdist = { url = "https://files.pythonhosted.org/packages/29/6f/da4c6aea59b3001f2e8c0ec7497475aadaf3b021c10cab5b2858f0f32b26/markdown-3.10.3.tar.gz", hash = "sha256:3589362618f743188b4d955b874402bc814f4f83f544dc207719f4baa7d9c45f", size = 372596, upload-time = "2026-07-30T19:05:29.005Z" }
wheels = [
    { url = "https://files.pythonhosted.org/packages/64/69/4a5af2bc115a9a33fefe51709749de8262be3f9ba063d1753a837cdbc49c/markdown-3.10.3-py3-none-any.whl", hash = "sha256:fa6c92a00a4a3c98b22728c64a935ae1928250ae65058a6ded814d2cc29a4cea", size = 110757, upload-time = "2026-07-30T19:05:27.883Z" },
]

[[package]]
name = "markupsafe"
version = "3.0.3"
source = { registry = "https://pypi.org/simple" }
sdist = { url = "https://files.pythonhosted.org/packages/7e/99/7690b6d4034fffd95959cbe0c02de8deb3098cc577c67bb6a24fe5d7caa7/markupsafe-3.0.3.tar.gz", hash = "sha256:722695808f4b6457b320fdc131280796bdceb04ab50fe1795cd540799ebe1698", size = 80313, upload-time = "2025-09-27T18:37:40.426Z" }

[[package]]
name = "nodeenv"
version = "1.10.0"
source = { registry = "https://pypi.org/simple" }
sdist = { url = "https://files.pythonhosted.org/packages/24/bf/d1bda4f6168e0b2e9e5958945e01910052158313224ada5ce1fb2e1113b8/nodeenv-1.10.0.tar.gz", hash = "sha256:996c191ad80897d076bdfba80a41994c2b47c68e224c542b48feba42ba00f8bb", size = 55611, upload-time = "2025-12-20T14:08:54.006Z" }
wheels = [
    { url = "https://files.pythonhosted.org/packages/88/b2/d0896bdcdc8d28a7fc5717c305f1a861c26e18c05047949fb371034d98bd/nodeenv-1.10.0-py2.py3-none-any.whl", hash = "sha256:5bb13e3eed2923615535339b3c620e76779af4cb4c6a90deccc9e36b274d3827", size = 23438, upload-time = "2025-12-20T14:08:52.782Z" },
]

[[package]]
name = "platformdirs"
version = "4.11.1"
source = { registry = "https://pypi.org/simple" }
sdist = { url = "https://files.pythonhosted.org/packages/36/0a/062135c9a98dac804265073cc3afdbec5ae1aa37980bb354f461bafe81b4/platformdirs-4.11.1.tar.gz", hash = "sha256:bb1af68078f25e2f3e111e2d43b8d536df41b73c8a684b40bb018223b66fae27", size = 32396, upload-time = "2026-08-07T23:06:48.516Z" }
wheels = [
    { url = "https://files.pythonhosted.org/packages/4c/85/9b31b44296cfa3bb56cddb35e6a0f6578bab0b490c0806c0245e32c6110c/platformdirs-4.11.1-py3-none-any.whl", hash = "sha256:2efd27d363e8dd2e661639ffb398865a5e0a46442a11d266bf375a0e0c10e386", size = 23261, upload-time = "2026-08-07T23:06:47.219Z" },
]

[[package]]
name = "pre-commit"
version = "4.6.1"
source = { registry = "https://pypi.org/simple" }
dependencies = [
    { name = "cfgv" },
    { name = "identify" },
    { name = "nodeenv" },
    { name = "pyyaml" },
    { name = "virtualenv" },
]
sdist = { url = "https://files.pythonhosted.org/packages/25/3a/ddb78f32a0814e66b18a099377a106a2dcdce92d86a034d69d65df9b256e/pre_commit-4.6.1.tar.gz", hash = "sha256:03e809865c7d178b9979d06c761fcbfe6808fdaded8581a745bb110e52050421", size = 198646, upload-time = "2026-07-21T20:56:58.225Z" }
wheels = [
    { url = "https://files.pythonhosted.org/packages/fb/49/bc925106abcdac498074f2cbe6137e94e09f418dd2b7775df5b577dc0313/pre_commit-4.6.1-py2.py3-none-any.whl", hash = "sha256:0e3b2942510d1fb34eec167a3ec57331bf8442122f1153a9fb8b58f5c49b2717", size = 226186, upload-time = "2026-07-21T20:56:57.064Z" },
]

[[package]]
name = "pygments"
version = "2.20.0"
source = { registry = "https://pypi.org/simple" }
sdist = { url = "https://files.pythonhosted.org/packages/c3/b2/bc9c9196916376152d655522fdcebac55e66de6603a76a02bca1b6414f6c/pygments-2.20.0.tar.gz", hash = "sha256:6757cd03768053ff99f3039c1a36d6c0aa0b263438fcab17520b30a303a82b5f", size = 4955991, upload-time = "2026-03-29T13:29:33.898Z" }
wheels = [
    { url = "https://files.pythonhosted.org/packages/f4/7e/a72dd26f3b0f4f2bf1dd8923c85f7ceb43172af56d63c7383eb62b332364/pygments-2.20.0-py3-none-any.whl", hash = "sha256:81a9e26dd42fd28a23a2d169d86d7ac03b46e2f8b59ed4698fb4785f946d0176", size = 1231151, upload-time = "2026-03-29T13:29:30.038Z" },
]

[[package]]
name = "pymdown-extensions"
version = "11.0.1"
source = { registry = "https://pypi.org/simple" }
dependencies = [
    { name = "markdown" },
    { name = "pyyaml" },
]
sdist = { url = "https://files.pythonhosted.org/packages/21/a9/5f0c535ba3b08fe09270c16808e053a968868242ecbd5676d4e3a488bf28/pymdown_extensions-11.0.1.tar.gz", hash = "sha256:dd2905ae6fc5b75582fafb139a1266ffc754705efa902aa50067fa7ff4f94ec0", size = 857113, upload-time = "2026-07-02T17:59:22.955Z" }
wheels = [
    { url = "https://files.pythonhosted.org/packages/d6/54/da572c98c0b77626a91b5d3b89f0231d8bff5125c225420908632f8b342d/pymdown_extensions-11.0.1-py3-none-any.whl", hash = "sha256:db3943a62bab7e03af1364f0c4083e64b91fb097675a4b6cceccfbe9a77e5eb2", size = 269455, upload-time = "2026-07-02T17:59:21.271Z" },
]

[[package]]
name = "python-discovery"
version = "1.5.1"
source = { registry = "https://pypi.org/simple" }
dependencies = [
    { name = "filelock" },
]
sdist = { url = "https://files.pythonhosted.org/packages/04/b7/1581a8103855c43567776aa34135e5ec3c597346c23bfd10c7eb5e0b10a4/python_discovery-1.5.1.tar.gz", hash = "sha256:e2ea8b884cd1701f386eda8cf327b87743f1dc21b7f784470799537d95635384", size = 77200, upload-time = "2026-07-31T22:06:02.48Z" }
wheels = [
    { url = "https://files.pythonhosted.org/packages/6a/07/a89b539750a159d5101c4eb9fc84e2961f65cefbd5e0b7440b284471c0b0/python_discovery-1.5.1-py3-none-any.whl", hash = "sha256:ac07f44cade589d954e9d6a1e1468539fdddd2cf676beb51da73e0f156b7c932", size = 35752, upload-time = "2026-07-31T22:06:01.116Z" },
]

[[package]]
name = "pyyaml"
version = "6.0.3"
source = { registry = "https://pypi.org/simple" }
sdist = { url = "https://files.pythonhosted.org/packages/05/8e/961c0007c59b8dd7729d542c61a4d537767a59645b82a0b521206e1e25c2/pyyaml-6.0.3.tar.gz", hash = "sha256:d76623373421df22fb4cf8817020cbb7ef15c725b9d5e45f17e189bfc384190f", size = 130960, upload-time = "2025-09-25T21:33:16.546Z" }

[[package]]
name = "templates"
version = "0.1.0"
source = { virtual = "." }

[package.optional-dependencies]
dev = [
    { name = "pre-commit" },
]
docs = [
    { name = "zensical" },
]

[package.metadata]
requires-dist = [
    { name = "pre-commit", marker = "extra == 'dev'" },
    { name = "zensical", marker = "extra == 'docs'" },
]
provides-extras = ["dev", "docs"]

[[package]]
name = "tomli"
version = "2.4.1"
source = { registry = "https://pypi.org/simple" }
sdist = { url = "https://files.pythonhosted.org/packages/22/de/48c59722572767841493b26183a0d1cc411d54fd759c5607c4590b6563a6/tomli-2.4.1.tar.gz", hash = "sha256:7c7e1a961a0b2f2472c1ac5b69affa0ae1132c39adcb67aba98568702b9cc23f", size = 17543, upload-time = "2026-03-25T20:22:03.828Z" }
wheels = [
    { url = "https://files.pythonhosted.org/packages/7b/61/cceae43728b7de99d9b847560c262873a1f6c98202171fd5ed62640b494b/tomli-2.4.1-py3-none-any.whl", hash = "sha256:0d85819802132122da43cb86656f8d1f8c6587d54ae7dcaf30e90533028b49fe", size = 14583, upload-time = "2026-03-25T20:22:03.012Z" },
]

[[package]]
name = "virtualenv"
version = "21.7.3"
source = { registry = "https://pypi.org/simple" }
dependencies = [
    { name = "distlib" },
    { name = "filelock" },
    { name = "platformdirs" },
    { name = "python-discovery" },
]
sdist = { url = "https://files.pythonhosted.org/packages/9c/10/8b7a5454efc032be50c1c5641467dbb5d31314500205212b2aa66d3c8af4/virtualenv-21.7.3.tar.gz", hash = "sha256:5e9e287f5c808070eea3b40403d3368248e64b24f1b60bd9a36e85ac841d2c3e", size = 5525482, upload-time = "2026-08-08T14:43:20.286Z" }
wheels = [
    { url = "https://files.pythonhosted.org/packages/77/2a/83d779d2dfb61f101d7b1c10073d18984e37262d8b4f171c99911a952430/virtualenv-21.7.3-py3-none-any.whl", hash = "sha256:26dfda3c34f29bf1a3ca167426a67658d59979b9954e705aef60a5f724ce1773", size = 5504590, upload-time = "2026-08-08T14:43:18.57Z" },
]

[[package]]
name = "zensical"
version = "0.0.53"
source = { registry = "https://pypi.org/simple" }
dependencies = [
    { name = "click" },
    { name = "deepmerge" },
    { name = "jinja2" },
    { name = "markdown" },
    { name = "pygments" },
    { name = "pymdown-extensions" },
    { name = "pyyaml" },
    { name = "tomli" },
]
sdist = { url = "https://files.pythonhosted.org/packages/bc/8b/d916d8226738421a847f039f71278fd07789744c32e9b40abcfa8b849ad8/zensical-0.0.53.tar.gz", hash = "sha256:61672d3e6389822b5738e099816dbc07416ea84db67c2b1cb7e6ea977d2e04d7", size = 3988318, upload-time = "2026-08-04T14:08:54.721Z" }
wheels = [
    { url = "https://files.pythonhosted.org/packages/9d/53/5db8c8e5a257db9a5fff0b77c8e05783283d6aaf42c05e34577f6b59f5d0/zensical-0.0.53-cp310-abi3-macosx_10_12_x86_64.whl", hash = "sha256:292cf9c7c323a50c6e3515d334ca08d9dcc517ce6d9d8ad1cd94d22befab1f56", size = 12835291, upload-time = "2026-08-04T14:08:16.746Z" },
    { url = "https://files.pythonhosted.org/packages/33/73/49a64c2c44aec251336a1cedcccbec7ba3d3eba9dd75d52ed24c09217d86/zensical-0.0.53-cp310-abi3-macosx_11_0_arm64.whl", hash = "sha256:0f4c1219c534d3cccc0b86093748dc009e0e9d80d4dad8d65e2150c846aa1123", size = 12719959, upload-time = "2026-08-04T14:08:20.279Z" },
    { url = "https://files.pythonhosted.org/packages/d8/3a/2c08429f7c725d1a40d158b84d6aca4b5c4320d09a0a313e875d7dd3bfe5/zensical-0.0.53-cp310-abi3-manylinux_2_17_aarch64.manylinux2014_aarch64.whl", hash = "sha256:4ca63b952b4961461b4376d61603adc2bf9d81b4df4946b2f27e20b2726f881f", size = 13169416, upload-time = "2026-08-04T14:08:23.474Z" },
    { url = "https://files.pythonhosted.org/packages/41/bc/ed057082989645d5ad3245bdf0b14c30334a315f866552c794c2413cf92f/zensical-0.0.53-cp310-abi3-manylinux_2_17_armv7l.manylinux2014_armv7l.whl", hash = "sha256:34f41b7f37a0430a1378ac13d9a72513fcc53db676c124378cf63cc6f6e22713", size = 13099720, upload-time = "2026-08-04T14:08:26.521Z" },
    { url = "https://files.pythonhosted.org/packages/a4/54/859cf2267ef853ff20eee2af37d898071f821bf30ec3df7d73061b391c78/zensical-0.0.53-cp310-abi3-manylinux_2_17_i686.manylinux2014_i686.whl", hash = "sha256:30ed22e9fcedda71888d9fe84f4fdb1aadd3b66cdb0223716f1eecce9ae22b07", size = 13482295, upload-time = "2026-08-04T14:08:29.618Z" },
    { url = "https://files.pythonhosted.org/packages/35/94/f73744d9f4b6107e2740aad58214285b84d4cf0997cde36bced43089b3d0/zensical-0.0.53-cp310-abi3-manylinux_2_17_x86_64.manylinux2014_x86_64.whl", hash = "sha256:10b0cb72861b14bd985bc5ad0203c35b1da7a19c87c194df3189fab7a910db04", size = 13140985, upload-time = "2026-08-04T14:08:32.731Z" },
    { url = "https://files.pythonhosted.org/packages/e0/ef/7557d859e25e4a74214d718a1528f2a123ff9d84823b49b32df9bc41ef17/zensical-0.0.53-cp310-abi3-musllinux_1_2_aarch64.whl", hash = "sha256:15e9813f0f59db6cf1316414301139d030f1690b68af645f1bf68d78bc3defe0", size = 13344554, upload-time = "2026-08-04T14:08:35.924Z" },
    { url = "https://files.pythonhosted.org/packages/0b/d9/3a1011bd4390e85a6f602afca6ff8b862454415a800e7b41471dadd9e6b1/zensical-0.0.53-cp310-abi3-musllinux_1_2_armv7l.whl", hash = "sha256:c203493598d6cad890d7cb48f9d75693f648fe0d2347b2f147406a99fd7bb101", size = 13373180, upload-time = "2026-08-04T14:08:39.384Z" },
    { url = "https://files.pythonhosted.org/packages/5e/ee/f4faf3d66d1e854afa43fa5354c1e0c8414af3fc5c563233a3ca7f10e494/zensical-0.0.53-cp310-abi3-musllinux_1_2_i686.whl", hash = "sha256:ec34844b3bc1855f5c10b99efbeebd27abcd983a9144dbad965609e65915c050", size = 13531133, upload-time = "2026-08-04T14:08:42.679Z" },
    { url = "https://files.pythonhosted.org/packages/5e/98/4a0272bb79bdd326714e552f685d58f31a501ffd49bdc17ae187e92b2581/zensical-0.0.53-cp310-abi3-musllinux_1_2_x86_64.whl", hash = "sha256:e016062c3299c84be811848d1e81ad0f3f711615f0bed87bb0a1b47f6968a5a4", size = 13480141, upload-time = "2026-08-04T14:08:45.97Z" },
    { url = "https://files.pythonhosted.org/packages/e1/ab/8cbceea1e7f4d6d2ac078a0c34ccd06f1419401248d22f6d6ded4ac9a443/zensical-0.0.53-cp310-abi3-win32.whl", hash = "sha256:abb0af33bb646f15224045baa6c4118b59a2c9c3f80d7cd48edd66ee961c1985", size = 12410234, upload-time = "2026-08-04T14:08:48.871Z" },
    { url = "https://files.pythonhosted.org/packages/f2/ac/65f0ced38274b6c1073a4b1c52ea41b8b43e7e972f5e3979c2f2aca5cc46/zensical-0.0.53-cp310-abi3-win_amd64.whl", hash = "sha256:8b609bc89717b6f276774651ea3a41df21b4813929d2a206ee161a294dc28cd1", size = 12646224, upload-time = "2026-08-04T14:08:51.945Z" },
]
